<?xml version="1.0" encoding="utf-8"?>
<Project ToolsVersion="4.0" xmlns="http://schemas.microsoft.com/developer/msbuild/2003">
  <ItemGroup>
    <ClCompile Include="main.cpp" />
    <ClCompile Include="Engine\DrawFunctions.cpp">
      <Filter>Engine</Filter>
    </ClCompile>
    <ClCompile Include="Engine\Game2D.cpp">
      <Filter>Engine</Filter>
    </ClCompile>
    <ClCompile Include="Engine\ImageObject.cpp">
      <Filter>Engine</Filter>
    </ClCompile>
    <ClCompile Include="Headers\SoundEngine.cpp">
      <Filter>Headers</Filter>
    </ClCompile>
  </ItemGroup>
  <ItemGroup>
    <ClInclude Include="Headers\Ball.h">
      <Filter>Headers</Filter>
    </ClInclude>
    <ClInclude Include="Headers\Bar.h">
      <Filter>Headers</Filter>
    </ClInclude>
    <ClInclude Include="Headers\Block.h">
      <Filter>Headers</Filter>
    </ClInclude>
    <ClInclude Include="Headers\BouncingBall.h">
      <Filter>Headers</Filter>
    </ClInclude>
    <ClInclude Include="Engine\DrawFunctions.h">
      <Filter>Engine</Filter>
    </ClInclude>
    <ClInclude Include="Engine\Game2D.h">
      <Filter>Engine</Filter>
    </ClInclude>
    <ClInclude Include="Engine\ImageObject.h">
      <Filter>Engine</Filter>
    </ClInclude>
    <ClInclude Include="Headers\Mainpage.h">
      <Filter>Headers</Filter>
    </ClInclude>
    <ClInclude Include="Engine\RandomNumberGenerator.h">
      <Filter>Engine</Filter>
    </ClInclude>
    <ClInclude Include="Engine\RGB.h">
      <Filter>Engine</Filter>
    </ClInclude>
    <ClInclude Include="Engine\Vector2.h">
      <Filter>Engine</Filter>
    </ClInclude>
    <ClInclude Include="Engine\Vector3.h">
      <Filter>Engine</Filter>
    </ClInclude>
    <ClInclude Include="Engine\Colors.h">
      <Filter>Engine</Filter>
    </ClInclude>
    <ClInclude Include="Headers\Item.h">
      <Filter>Headers</Filter>
    </ClInclude>
    <ClInclude Include="Headers\SoundEngine.h">
      <Filter>Headers</Filter>
    </ClInclude>
  </ItemGroup>
  <ItemGroup>
    <Filter Include="Headers">
      <UniqueIdentifier>{e2c75ed9-b73b-48e7-8455-c80cecb5bb84}</UniqueIdentifier>
    </Filter>
    <Filter Include="Engine">
      <UniqueIdentifier>{a0bee573-dd94-4c14-adc9-5f4cbe18fad8}</UniqueIdentifier>
    </Filter>
  </ItemGroup>
</Project>